{
  "name": "creative_coding_pts",
  "version": "1.0.0",
  "lockfileVersion": 1,
  "requires": true,
  "dependencies": {
    "pts": {
      "version": "0.6.1",
      "resolved": "https://registry.npmjs.org/pts/-/pts-0.6.1.tgz",
      "integrity": "sha512-mc7Ka2X2JfSbcuivE0tHB4Ja/C4YvDYVRu8djB/hxTabTq2FipuXKghfpD5KM2zjw24BDYx1Ct6QE1TNMyP2oA=="
    },
    "typescript": {
      "version": "3.0.3",
      "resolved": "https://registry.npmjs.org/typescript/-/typescript-3.0.3.tgz",
      "integrity": "sha512-kk80vLW9iGtjMnIv11qyxLqZm20UklzuR2tL0QAnDIygIUIemcZMxlMWudl9OOt76H3ntVzcTiddQ1/pAAJMYg==",
      "dev": true
    }
  }
}
