{
  "name": "creative_coding_pts",
  "version": "1.0.0",
  "lockfileVersion": 1,
  "requires": true,
  "dependencies": {
    "pts": {
      "version": "0.6.1",
      "resolved": "https://registry.npmjs.org/pts/-/pts-0.6.1.tgz",
      "integrity": "sha512-mc7Ka2X2JfSbcuivE0tHB4Ja/C4YvDYVRu8djB/hxTabTq2FipuXKghfpD5KM2zjw24BDYx1Ct6QE1TNMyP2oA=="
    },
    "typescript": {
      "version": "3.2.2",
      "resolved": "https://registry.npmjs.org/typescript/-/typescript-3.2.2.tgz",
      "integrity": "sha512-VCj5UiSyHBjwfYacmDuc/NOk4QQixbE+Wn7MFJuS0nRuPQbof132Pw4u53dm264O8LPc2MVsc7RJNml5szurkg==",
      "dev": true
    }
  }
}
